
Microsoft Visual Studio Solution File, Format Version 12.00
# Visual Studio Version 16
VisualStudioVersion = 16.0.33927.289
MinimumVisualStudioVersion = 10.0.40219.1
Project("{FAE04EC0-301F-11D3-BF4B-00C04F79EFBC}") = "windows_client", "windows_client\windows_client.csproj", "{0490A9C4-6851-4469-9286-822EB82CAA0E}"
EndProject
Project("{FAE04EC0-301F-11D3-BF4B-00C04F79EFBC}") = "RemotingServer", "RemotingServer\RemotingServer.csproj", "{BC965594-67BC-4CB7-9A04-545DCD212862}"
EndProject
Global
	GlobalSection(SolutionConfigurationPlatforms) = preSolution
		Debug|Any CPU = Debug|Any CPU
		Release|Any CPU = Release|Any CPU
	EndGlobalSection
	GlobalSection(ProjectConfigurationPlatforms) = postSolution
		{0490A9C4-6851-4469-9286-822EB82CAA0E}.Debug|Any CPU.ActiveCfg = Debug|Any CPU
		{0490A9C4-6851-4469-9286-822EB82CAA0E}.Debug|Any CPU.Build.0 = Debug|Any CPU
		{0490A9C4-6851-4469-9286-822EB82CAA0E}.Release|Any CPU.ActiveCfg = Release|Any CPU
		{0490A9C4-6851-4469-9286-822EB82CAA0E}.Release|Any CPU.Build.0 = Release|Any CPU
		{BC965594-67BC-4CB7-9A04-545DCD212862}.Debug|Any CPU.ActiveCfg = Debug|Any CPU
		{BC965594-67BC-4CB7-9A04-545DCD212862}.Debug|Any CPU.Build.0 = Debug|Any CPU
		{BC965594-67BC-4CB7-9A04-545DCD212862}.Release|Any CPU.ActiveCfg = Release|Any CPU
		{BC965594-67BC-4CB7-9A04-545DCD212862}.Release|Any CPU.Build.0 = Release|Any CPU
	EndGlobalSection
	GlobalSection(SolutionProperties) = preSolution
		HideSolutionNode = FALSE
	EndGlobalSection
	GlobalSection(ExtensibilityGlobals) = postSolution
		SolutionGuid = {9B1A767A-F1E8-40B0-9C94-C90F9E6018E5}
	EndGlobalSection
EndGlobal
