
Microsoft Visual Studio Solution File, Format Version 12.00
# Visual Studio Version 16
VisualStudioVersion = 16.0.34114.132
MinimumVisualStudioVersion = 10.0.40219.1
Project("{FAE04EC0-301F-11D3-BF4B-00C04F79EFBC}") = "MVC_TEST_1", "MVC_TEST_1\MVC_TEST_1.csproj", "{5F06D1CC-0DBF-4D4F-98F6-9519D7411264}"
EndProject
Global
	GlobalSection(SolutionConfigurationPlatforms) = preSolution
		Debug|Any CPU = Debug|Any CPU
		Release|Any CPU = Release|Any CPU
	EndGlobalSection
	GlobalSection(ProjectConfigurationPlatforms) = postSolution
		{5F06D1CC-0DBF-4D4F-98F6-9519D7411264}.Debug|Any CPU.ActiveCfg = Debug|Any CPU
		{5F06D1CC-0DBF-4D4F-98F6-9519D7411264}.Debug|Any CPU.Build.0 = Debug|Any CPU
		{5F06D1CC-0DBF-4D4F-98F6-9519D7411264}.Release|Any CPU.ActiveCfg = Release|Any CPU
		{5F06D1CC-0DBF-4D4F-98F6-9519D7411264}.Release|Any CPU.Build.0 = Release|Any CPU
	EndGlobalSection
	GlobalSection(SolutionProperties) = preSolution
		HideSolutionNode = FALSE
	EndGlobalSection
	GlobalSection(ExtensibilityGlobals) = postSolution
		SolutionGuid = {F357223F-7A74-4B5F-9797-535E7FBA98BF}
	EndGlobalSection
EndGlobal
