
Microsoft Visual Studio Solution File, Format Version 12.00
# Visual Studio Version 16
VisualStudioVersion = 16.0.33927.289
MinimumVisualStudioVersion = 10.0.40219.1
Project("{FAE04EC0-301F-11D3-BF4B-00C04F79EFBC}") = "Codebasetest_3", "Codebasetest_3\Codebasetest_3.csproj", "{4E21443D-C7F0-475B-9B07-B9EAAEA036F4}"
EndProject
Global
	GlobalSection(SolutionConfigurationPlatforms) = preSolution
		Debug|Any CPU = Debug|Any CPU
		Release|Any CPU = Release|Any CPU
	EndGlobalSection
	GlobalSection(ProjectConfigurationPlatforms) = postSolution
		{4E21443D-C7F0-475B-9B07-B9EAAEA036F4}.Debug|Any CPU.ActiveCfg = Debug|Any CPU
		{4E21443D-C7F0-475B-9B07-B9EAAEA036F4}.Debug|Any CPU.Build.0 = Debug|Any CPU
		{4E21443D-C7F0-475B-9B07-B9EAAEA036F4}.Release|Any CPU.ActiveCfg = Release|Any CPU
		{4E21443D-C7F0-475B-9B07-B9EAAEA036F4}.Release|Any CPU.Build.0 = Release|Any CPU
	EndGlobalSection
	GlobalSection(SolutionProperties) = preSolution
		HideSolutionNode = FALSE
	EndGlobalSection
	GlobalSection(ExtensibilityGlobals) = postSolution
		SolutionGuid = {B9FDB89A-3773-4E16-B20E-407CB874DD35}
	EndGlobalSection
EndGlobal
