
Microsoft Visual Studio Solution File, Format Version 12.00
# Visual Studio Version 17
VisualStudioVersion = 17.7.34024.191
MinimumVisualStudioVersion = 10.0.40219.1
Project("{FAE04EC0-301F-11D3-BF4B-00C04F79EFBC}") = "2nd_assignment", "2nd_assignment\2nd_assignment.csproj", "{116E5D19-2290-4341-8F4D-1EBEA769D80A}"
EndProject
Global
	GlobalSection(SolutionConfigurationPlatforms) = preSolution
		Debug|Any CPU = Debug|Any CPU
		Release|Any CPU = Release|Any CPU
	EndGlobalSection
	GlobalSection(ProjectConfigurationPlatforms) = postSolution
		{116E5D19-2290-4341-8F4D-1EBEA769D80A}.Debug|Any CPU.ActiveCfg = Debug|Any CPU
		{116E5D19-2290-4341-8F4D-1EBEA769D80A}.Debug|Any CPU.Build.0 = Debug|Any CPU
		{116E5D19-2290-4341-8F4D-1EBEA769D80A}.Release|Any CPU.ActiveCfg = Release|Any CPU
		{116E5D19-2290-4341-8F4D-1EBEA769D80A}.Release|Any CPU.Build.0 = Release|Any CPU
	EndGlobalSection
	GlobalSection(SolutionProperties) = preSolution
		HideSolutionNode = FALSE
	EndGlobalSection
	GlobalSection(ExtensibilityGlobals) = postSolution
		SolutionGuid = {A5916033-A018-4074-B5DB-27B00131882A}
	EndGlobalSection
EndGlobal
