
Microsoft Visual Studio Solution File, Format Version 12.00
# Visual Studio Version 16
VisualStudioVersion = 16.0.34114.132
MinimumVisualStudioVersion = 10.0.40219.1
Project("{FAE04EC0-301F-11D3-BF4B-00C04F79EFBC}") = "ADO_SQL_TEST1", "ADO_SQL_TEST1\ADO_SQL_TEST1.csproj", "{EA9B578E-714B-410D-9755-EF415902DE01}"
EndProject
Global
	GlobalSection(SolutionConfigurationPlatforms) = preSolution
		Debug|Any CPU = Debug|Any CPU
		Release|Any CPU = Release|Any CPU
	EndGlobalSection
	GlobalSection(ProjectConfigurationPlatforms) = postSolution
		{EA9B578E-714B-410D-9755-EF415902DE01}.Debug|Any CPU.ActiveCfg = Debug|Any CPU
		{EA9B578E-714B-410D-9755-EF415902DE01}.Debug|Any CPU.Build.0 = Debug|Any CPU
		{EA9B578E-714B-410D-9755-EF415902DE01}.Release|Any CPU.ActiveCfg = Release|Any CPU
		{EA9B578E-714B-410D-9755-EF415902DE01}.Release|Any CPU.Build.0 = Release|Any CPU
	EndGlobalSection
	GlobalSection(SolutionProperties) = preSolution
		HideSolutionNode = FALSE
	EndGlobalSection
	GlobalSection(ExtensibilityGlobals) = postSolution
		SolutionGuid = {B6876814-4C37-4558-9665-5FCDEF77C398}
	EndGlobalSection
EndGlobal
