
Microsoft Visual Studio Solution File, Format Version 12.00
# Visual Studio Version 16
VisualStudioVersion = 16.0.33927.289
MinimumVisualStudioVersion = 10.0.40219.1
Project("{FAE04EC0-301F-11D3-BF4B-00C04F79EFBC}") = "Factory_patteren", "Factory_patteren\Factory_patteren.csproj", "{386EEBB9-A50A-4330-BAE2-55C874E13B07}"
EndProject
Global
	GlobalSection(SolutionConfigurationPlatforms) = preSolution
		Debug|Any CPU = Debug|Any CPU
		Release|Any CPU = Release|Any CPU
	EndGlobalSection
	GlobalSection(ProjectConfigurationPlatforms) = postSolution
		{386EEBB9-A50A-4330-BAE2-55C874E13B07}.Debug|Any CPU.ActiveCfg = Debug|Any CPU
		{386EEBB9-A50A-4330-BAE2-55C874E13B07}.Debug|Any CPU.Build.0 = Debug|Any CPU
		{386EEBB9-A50A-4330-BAE2-55C874E13B07}.Release|Any CPU.ActiveCfg = Release|Any CPU
		{386EEBB9-A50A-4330-BAE2-55C874E13B07}.Release|Any CPU.Build.0 = Release|Any CPU
	EndGlobalSection
	GlobalSection(SolutionProperties) = preSolution
		HideSolutionNode = FALSE
	EndGlobalSection
	GlobalSection(ExtensibilityGlobals) = postSolution
		SolutionGuid = {076BB9DB-B6ED-4B67-B2DD-530A94E12066}
	EndGlobalSection
EndGlobal
