
Microsoft Visual Studio Solution File, Format Version 12.00
# Visual Studio Version 16
VisualStudioVersion = 16.0.34114.132
MinimumVisualStudioVersion = 10.0.40219.1
Project("{FAE04EC0-301F-11D3-BF4B-00C04F79EFBC}") = "ASP_ASSIGNMENT2", "ASP_ASSIGNMENT2\ASP_ASSIGNMENT2.csproj", "{2C19B339-7359-4E6A-A9FF-9A4BD0DB4322}"
EndProject
Global
	GlobalSection(SolutionConfigurationPlatforms) = preSolution
		Debug|Any CPU = Debug|Any CPU
		Release|Any CPU = Release|Any CPU
	EndGlobalSection
	GlobalSection(ProjectConfigurationPlatforms) = postSolution
		{2C19B339-7359-4E6A-A9FF-9A4BD0DB4322}.Debug|Any CPU.ActiveCfg = Debug|Any CPU
		{2C19B339-7359-4E6A-A9FF-9A4BD0DB4322}.Debug|Any CPU.Build.0 = Debug|Any CPU
		{2C19B339-7359-4E6A-A9FF-9A4BD0DB4322}.Release|Any CPU.ActiveCfg = Release|Any CPU
		{2C19B339-7359-4E6A-A9FF-9A4BD0DB4322}.Release|Any CPU.Build.0 = Release|Any CPU
	EndGlobalSection
	GlobalSection(SolutionProperties) = preSolution
		HideSolutionNode = FALSE
	EndGlobalSection
	GlobalSection(ExtensibilityGlobals) = postSolution
		SolutionGuid = {5F0CCA22-0AAF-4B15-B085-B0DE94540E35}
	EndGlobalSection
EndGlobal
