
Microsoft Visual Studio Solution File, Format Version 12.00
# Visual Studio Version 16
VisualStudioVersion = 16.0.34114.132
MinimumVisualStudioVersion = 10.0.40219.1
Project("{FAE04EC0-301F-11D3-BF4B-00C04F79EFBC}") = "CasesStudy", "CasesStudy\CasesStudy.csproj", "{7A21AF1E-862B-4C71-B98D-FF234A9650EC}"
EndProject
Global
	GlobalSection(SolutionConfigurationPlatforms) = preSolution
		Debug|Any CPU = Debug|Any CPU
		Release|Any CPU = Release|Any CPU
	EndGlobalSection
	GlobalSection(ProjectConfigurationPlatforms) = postSolution
		{7A21AF1E-862B-4C71-B98D-FF234A9650EC}.Debug|Any CPU.ActiveCfg = Debug|Any CPU
		{7A21AF1E-862B-4C71-B98D-FF234A9650EC}.Debug|Any CPU.Build.0 = Debug|Any CPU
		{7A21AF1E-862B-4C71-B98D-FF234A9650EC}.Release|Any CPU.ActiveCfg = Release|Any CPU
		{7A21AF1E-862B-4C71-B98D-FF234A9650EC}.Release|Any CPU.Build.0 = Release|Any CPU
	EndGlobalSection
	GlobalSection(SolutionProperties) = preSolution
		HideSolutionNode = FALSE
	EndGlobalSection
	GlobalSection(ExtensibilityGlobals) = postSolution
		SolutionGuid = {7AC46970-B565-48BD-8426-39E436302239}
	EndGlobalSection
EndGlobal
