
Microsoft Visual Studio Solution File, Format Version 12.00
# Visual Studio Version 16
VisualStudioVersion = 16.0.33927.289
MinimumVisualStudioVersion = 10.0.40219.1
Project("{FAE04EC0-301F-11D3-BF4B-00C04F79EFBC}") = "proj1", "proj1\proj1.csproj", "{21729474-7948-4184-8BC2-4F3340C52869}"
EndProject
Global
	GlobalSection(SolutionConfigurationPlatforms) = preSolution
		Debug|Any CPU = Debug|Any CPU
		Release|Any CPU = Release|Any CPU
	EndGlobalSection
	GlobalSection(ProjectConfigurationPlatforms) = postSolution
		{21729474-7948-4184-8BC2-4F3340C52869}.Debug|Any CPU.ActiveCfg = Debug|Any CPU
		{21729474-7948-4184-8BC2-4F3340C52869}.Debug|Any CPU.Build.0 = Debug|Any CPU
		{21729474-7948-4184-8BC2-4F3340C52869}.Release|Any CPU.ActiveCfg = Release|Any CPU
		{21729474-7948-4184-8BC2-4F3340C52869}.Release|Any CPU.Build.0 = Release|Any CPU
	EndGlobalSection
	GlobalSection(SolutionProperties) = preSolution
		HideSolutionNode = FALSE
	EndGlobalSection
	GlobalSection(ExtensibilityGlobals) = postSolution
		SolutionGuid = {D485A6F1-FBD7-405D-9EE0-9F29F3107AEF}
	EndGlobalSection
EndGlobal
